// !$*UTF8*$!
{
	archiveVersion = 1;
	classes = {
	};
	objectVersion = 55;
	objects = {

/* Begin PBXBuildFile section */
		CE639E1027B02A2C0060B1C6 /* AppDelegate.swift in Sources */ = {isa = PBXBuildFile; fileRef = CE639E0F27B02A2C0060B1C6 /* AppDelegate.swift */; };
		CE639E1227B02A2C0060B1C6 /* SceneDelegate.swift in Sources */ = {isa = PBXBuildFile; fileRef = CE639E1127B02A2C0060B1C6 /* SceneDelegate.swift */; };
		CE639E1427B02A2C0060B1C6 /* ImageViewController.swift in Sources */ = {isa = PBXBuildFile; fileRef = CE639E1327B02A2C0060B1C6 /* ImageViewController.swift */; };
		CE639E1727B02A2C0060B1C6 /* Main.storyboard in Resources */ = {isa = PBXBuildFile; fileRef = CE639E1527B02A2C0060B1C6 /* Main.storyboard */; };
		CE639E1927B02A310060B1C6 /* Assets.xcassets in Resources */ = {isa = PBXBuildFile; fileRef = CE639E1827B02A310060B1C6 /* Assets.xcassets */; };
		CE639E1C27B02A310060B1C6 /* LaunchScreen.storyboard in Resources */ = {isa = PBXBuildFile; fileRef = CE639E1A27B02A310060B1C6 /* LaunchScreen.storyboard */; };
		CE639E2B27B153CA0060B1C6 /* CoursesViewController.swift in Sources */ = {isa = PBXBuildFile; fileRef = CE639E2A27B153CA0060B1C6 /* CoursesViewController.swift */; };
		CE639E2D27B153D80060B1C6 /* TableViewController.swift in Sources */ = {isa = PBXBuildFile; fileRef = CE639E2C27B153D80060B1C6 /* TableViewController.swift */; };
		CE639E2F27B153EC0060B1C6 /* WebViewViewController.swift in Sources */ = {isa = PBXBuildFile; fileRef = CE639E2E27B153EC0060B1C6 /* WebViewViewController.swift */; };
		CE639E3127B154A20060B1C6 /* ModelCourses.swift in Sources */ = {isa = PBXBuildFile; fileRef = CE639E3027B154A20060B1C6 /* ModelCourses.swift */; };
		CE6C862D27B27A7D00882A61 /* MainCellCollectionViewController.swift in Sources */ = {isa = PBXBuildFile; fileRef = CE6C862C27B27A7D00882A61 /* MainCellCollectionViewController.swift */; };
		CE6C862F27B27AA100882A61 /* CollectionViewCell.swift in Sources */ = {isa = PBXBuildFile; fileRef = CE6C862E27B27AA100882A61 /* CollectionViewCell.swift */; };
		CE6C863227B2826500882A61 /* NetWorkManager.swift in Sources */ = {isa = PBXBuildFile; fileRef = CE6C863127B2826500882A61 /* NetWorkManager.swift */; };
/* End PBXBuildFile section */

/* Begin PBXFileReference section */
		CE639E0C27B02A2C0060B1C6 /* URlSessionApp.app */ = {isa = PBXFileReference; explicitFileType = wrapper.application; includeInIndex = 0; path = URlSessionApp.app; sourceTree = BUILT_PRODUCTS_DIR; };
		CE639E0F27B02A2C0060B1C6 /* AppDelegate.swift */ = {isa = PBXFileReference; lastKnownFileType = sourcecode.swift; path = AppDelegate.swift; sourceTree = "<group>"; };
		CE639E1127B02A2C0060B1C6 /* SceneDelegate.swift */ = {isa = PBXFileReference; lastKnownFileType = sourcecode.swift; path = SceneDelegate.swift; sourceTree = "<group>"; };
		CE639E1327B02A2C0060B1C6 /* ImageViewController.swift */ = {isa = PBXFileReference; lastKnownFileType = sourcecode.swift; path = ImageViewController.swift; sourceTree = "<group>"; };
		CE639E1627B02A2C0060B1C6 /* Base */ = {isa = PBXFileReference; lastKnownFileType = file.storyboard; name = Base; path = Base.lproj/Main.storyboard; sourceTree = "<group>"; };
		CE639E1827B02A310060B1C6 /* Assets.xcassets */ = {isa = PBXFileReference; lastKnownFileType = folder.assetcatalog; path = Assets.xcassets; sourceTree = "<group>"; };
		CE639E1B27B02A310060B1C6 /* Base */ = {isa = PBXFileReference; lastKnownFileType = file.storyboard; name = Base; path = Base.lproj/LaunchScreen.storyboard; sourceTree = "<group>"; };
		CE639E1D27B02A310060B1C6 /* Info.plist */ = {isa = PBXFileReference; lastKnownFileType = text.plist.xml; path = Info.plist; sourceTree = "<group>"; };
		CE639E2A27B153CA0060B1C6 /* CoursesViewController.swift */ = {isa = PBXFileReference; lastKnownFileType = sourcecode.swift; path = CoursesViewController.swift; sourceTree = "<group>"; };
		CE639E2C27B153D80060B1C6 /* TableViewController.swift */ = {isa = PBXFileReference; lastKnownFileType = sourcecode.swift; path = TableViewController.swift; sourceTree = "<group>"; };
		CE639E2E27B153EC0060B1C6 /* WebViewViewController.swift */ = {isa = PBXFileReference; lastKnownFileType = sourcecode.swift; path = WebViewViewController.swift; sourceTree = "<group>"; };
		CE639E3027B154A20060B1C6 /* ModelCourses.swift */ = {isa = PBXFileReference; lastKnownFileType = sourcecode.swift; path = ModelCourses.swift; sourceTree = "<group>"; };
		CE6C862C27B27A7D00882A61 /* MainCellCollectionViewController.swift */ = {isa = PBXFileReference; lastKnownFileType = sourcecode.swift; path = MainCellCollectionViewController.swift; sourceTree = "<group>"; };
		CE6C862E27B27AA100882A61 /* CollectionViewCell.swift */ = {isa = PBXFileReference; lastKnownFileType = sourcecode.swift; path = CollectionViewCell.swift; sourceTree = "<group>"; };
		CE6C863127B2826500882A61 /* NetWorkManager.swift */ = {isa = PBXFileReference; lastKnownFileType = sourcecode.swift; path = NetWorkManager.swift; sourceTree = "<group>"; };
/* End PBXFileReference section */

/* Begin PBXFrameworksBuildPhase section */
		CE639E0927B02A2C0060B1C6 /* Frameworks */ = {
			isa = PBXFrameworksBuildPhase;
			buildActionMask = 2147483647;
			files = (
			);
			runOnlyForDeploymentPostprocessing = 0;
		};
/* End PBXFrameworksBuildPhase section */

/* Begin PBXGroup section */
		CE639E0327B02A2C0060B1C6 = {
			isa = PBXGroup;
			children = (
				CE639E0E27B02A2C0060B1C6 /* URlSessionApp */,
				CE639E0D27B02A2C0060B1C6 /* Products */,
			);
			sourceTree = "<group>";
		};
		CE639E0D27B02A2C0060B1C6 /* Products */ = {
			isa = PBXGroup;
			children = (
				CE639E0C27B02A2C0060B1C6 /* URlSessionApp.app */,
			);
			name = Products;
			sourceTree = "<group>";
		};
		CE639E0E27B02A2C0060B1C6 /* URlSessionApp */ = {
			isa = PBXGroup;
			children = (
				CE6C863027B2825000882A61 /* Managers */,
				CE639E3227B154AC0060B1C6 /* Model */,
				CE639E2827B05CC80060B1C6 /* HelperFile */,
				CE639E2727B05CBB0060B1C6 /* VC */,
				CE639E1527B02A2C0060B1C6 /* Main.storyboard */,
				CE639E1827B02A310060B1C6 /* Assets.xcassets */,
				CE639E1A27B02A310060B1C6 /* LaunchScreen.storyboard */,
				CE639E1D27B02A310060B1C6 /* Info.plist */,
			);
			path = URlSessionApp;
			sourceTree = "<group>";
		};
		CE639E2727B05CBB0060B1C6 /* VC */ = {
			isa = PBXGroup;
			children = (
				CE6C862C27B27A7D00882A61 /* MainCellCollectionViewController.swift */,
				CE6C862E27B27AA100882A61 /* CollectionViewCell.swift */,
				CE639E1327B02A2C0060B1C6 /* ImageViewController.swift */,
				CE639E2A27B153CA0060B1C6 /* CoursesViewController.swift */,
				CE639E2C27B153D80060B1C6 /* TableViewController.swift */,
				CE639E2E27B153EC0060B1C6 /* WebViewViewController.swift */,
			);
			path = VC;
			sourceTree = "<group>";
		};
		CE639E2827B05CC80060B1C6 /* HelperFile */ = {
			isa = PBXGroup;
			children = (
				CE639E0F27B02A2C0060B1C6 /* AppDelegate.swift */,
				CE639E1127B02A2C0060B1C6 /* SceneDelegate.swift */,
			);
			path = HelperFile;
			sourceTree = "<group>";
		};
		CE639E3227B154AC0060B1C6 /* Model */ = {
			isa = PBXGroup;
			children = (
				CE639E3027B154A20060B1C6 /* ModelCourses.swift */,
			);
			path = Model;
			sourceTree = "<group>";
		};
		CE6C863027B2825000882A61 /* Managers */ = {
			isa = PBXGroup;
			children = (
				CE6C863127B2826500882A61 /* NetWorkManager.swift */,
			);
			name = Managers;
			sourceTree = "<group>";
		};
/* End PBXGroup section */

/* Begin PBXNativeTarget section */
		CE639E0B27B02A2C0060B1C6 /* URlSessionApp */ = {
			isa = PBXNativeTarget;
			buildConfigurationList = CE639E2027B02A310060B1C6 /* Build configuration list for PBXNativeTarget "URlSessionApp" */;
			buildPhases = (
				CE639E0827B02A2C0060B1C6 /* Sources */,
				CE639E0927B02A2C0060B1C6 /* Frameworks */,
				CE639E0A27B02A2C0060B1C6 /* Resources */,
			);
			buildRules = (
			);
			dependencies = (
			);
			name = URlSessionApp;
			productName = URlSessionApp;
			productReference = CE639E0C27B02A2C0060B1C6 /* URlSessionApp.app */;
			productType = "com.apple.product-type.application";
		};
/* End PBXNativeTarget section */

/* Begin PBXProject section */
		CE639E0427B02A2C0060B1C6 /* Project object */ = {
			isa = PBXProject;
			attributes = {
				BuildIndependentTargetsInParallel = 1;
				LastSwiftUpdateCheck = 1320;
				LastUpgradeCheck = 1320;
				TargetAttributes = {
					CE639E0B27B02A2C0060B1C6 = {
						CreatedOnToolsVersion = 13.2.1;
					};
				};
			};
			buildConfigurationList = CE639E0727B02A2C0060B1C6 /* Build configuration list for PBXProject "URlSessionApp" */;
			compatibilityVersion = "Xcode 13.0";
			developmentRegion = en;
			hasScannedForEncodings = 0;
			knownRegions = (
				en,
				Base,
			);
			mainGroup = CE639E0327B02A2C0060B1C6;
			productRefGroup = CE639E0D27B02A2C0060B1C6 /* Products */;
			projectDirPath = "";
			projectRoot = "";
			targets = (
				CE639E0B27B02A2C0060B1C6 /* URlSessionApp */,
			);
		};
/* End PBXProject section */

/* Begin PBXResourcesBuildPhase section */
		CE639E0A27B02A2C0060B1C6 /* Resources */ = {
			isa = PBXResourcesBuildPhase;
			buildActionMask = 2147483647;
			files = (
				CE639E1C27B02A310060B1C6 /* LaunchScreen.storyboard in Resources */,
				CE639E1927B02A310060B1C6 /* Assets.xcassets in Resources */,
				CE639E1727B02A2C0060B1C6 /* Main.storyboard in Resources */,
			);
			runOnlyForDeploymentPostprocessing = 0;
		};
/* End PBXResourcesBuildPhase section */

/* Begin PBXSourcesBuildPhase section */
		CE639E0827B02A2C0060B1C6 /* Sources */ = {
			isa = PBXSourcesBuildPhase;
			buildActionMask = 2147483647;
			files = (
				CE639E3127B154A20060B1C6 /* ModelCourses.swift in Sources */,
				CE639E2D27B153D80060B1C6 /* TableViewController.swift in Sources */,
				CE639E1427B02A2C0060B1C6 /* ImageViewController.swift in Sources */,
				CE639E1027B02A2C0060B1C6 /* AppDelegate.swift in Sources */,
				CE6C862F27B27AA100882A61 /* CollectionViewCell.swift in Sources */,
				CE639E1227B02A2C0060B1C6 /* SceneDelegate.swift in Sources */,
				CE6C863227B2826500882A61 /* NetWorkManager.swift in Sources */,
				CE6C862D27B27A7D00882A61 /* MainCellCollectionViewController.swift in Sources */,
				CE639E2F27B153EC0060B1C6 /* WebViewViewController.swift in Sources */,
				CE639E2B27B153CA0060B1C6 /* CoursesViewController.swift in Sources */,
			);
			runOnlyForDeploymentPostprocessing = 0;
		};
/* End PBXSourcesBuildPhase section */

/* Begin PBXVariantGroup section */
		CE639E1527B02A2C0060B1C6 /* Main.storyboard */ = {
			isa = PBXVariantGroup;
			children = (
				CE639E1627B02A2C0060B1C6 /* Base */,
			);
			name = Main.storyboard;
			sourceTree = "<group>";
		};
		CE639E1A27B02A310060B1C6 /* LaunchScreen.storyboard */ = {
			isa = PBXVariantGroup;
			children = (
				CE639E1B27B02A310060B1C6 /* Base */,
			);
			name = LaunchScreen.storyboard;
			sourceTree = "<group>";
		};
/* End PBXVariantGroup section */

/* Begin XCBuildConfiguration section */
		CE639E1E27B02A310060B1C6 /* Debug */ = {
			isa = XCBuildConfiguration;
			buildSettings = {
				ALWAYS_SEARCH_USER_PATHS = NO;
				CLANG_ANALYZER_NONNULL = YES;
				CLANG_ANALYZER_NUMBER_OBJECT_CONVERSION = YES_AGGRESSIVE;
				CLANG_CXX_LANGUAGE_STANDARD = "gnu++17";
				CLANG_CXX_LIBRARY = "libc++";
				CLANG_ENABLE_MODULES = YES;
				CLANG_ENABLE_OBJC_ARC = YES;
				CLANG_ENABLE_OBJC_WEAK = YES;
				CLANG_WARN_BLOCK_CAPTURE_AUTORELEASING = YES;
				CLANG_WARN_BOOL_CONVERSION = YES;
				CLANG_WARN_COMMA = YES;
				CLANG_WARN_CONSTANT_CONVERSION = YES;
				CLANG_WARN_DEPRECATED_OBJC_IMPLEMENTATIONS = YES;
				CLANG_WARN_DIRECT_OBJC_ISA_USAGE = YES_ERROR;
				CLANG_WARN_DOCUMENTATION_COMMENTS = YES;
				CLANG_WARN_EMPTY_BODY = YES;
				CLANG_WARN_ENUM_CONVERSION = YES;
				CLANG_WARN_INFINITE_RECURSION = YES;
				CLANG_WARN_INT_CONVERSION = YES;
				CLANG_WARN_NON_LITERAL_NULL_CONVERSION = YES;
				CLANG_WARN_OBJC_IMPLICIT_RETAIN_SELF = YES;
				CLANG_WARN_OBJC_LITERAL_CONVERSION = YES;
				CLANG_WARN_OBJC_ROOT_CLASS = YES_ERROR;
				CLANG_WARN_QUOTED_INCLUDE_IN_FRAMEWORK_HEADER = YES;
				CLANG_WARN_RANGE_LOOP_ANALYSIS = YES;
				CLANG_WARN_STRICT_PROTOTYPES = YES;
				CLANG_WARN_SUSPICIOUS_MOVE = YES;
				CLANG_WARN_UNGUARDED_AVAILABILITY = YES_AGGRESSIVE;
				CLANG_WARN_UNREACHABLE_CODE = YES;
				CLANG_WARN__DUPLICATE_METHOD_MATCH = YES;
				COPY_PHASE_STRIP = NO;
				DEBUG_INFORMATION_FORMAT = dwarf;
				ENABLE_STRICT_OBJC_MSGSEND = YES;
				ENABLE_TESTABILITY = YES;
				GCC_C_LANGUAGE_STANDARD = gnu11;
				GCC_DYNAMIC_NO_PIC = NO;
				GCC_NO_COMMON_BLOCKS = YES;
				GCC_OPTIMIZATION_LEVEL = 0;
				GCC_PREPROCESSOR_DEFINITIONS = (
					"DEBUG=1",
					"$(inherited)",
				);
				GCC_WARN_64_TO_32_BIT_CONVERSION = YES;
				GCC_WARN_ABOUT_RETURN_TYPE = YES_ERROR;
				GCC_WARN_UNDECLARED_SELECTOR = YES;
				GCC_WARN_UNINITIALIZED_AUTOS = YES_AGGRESSIVE;
				GCC_WARN_UNUSED_FUNCTION = YES;
				GCC_WARN_UNUSED_VARIABLE = YES;
				IPHONEOS_DEPLOYMENT_TARGET = 15.2;
				MTL_ENABLE_DEBUG_INFO = INCLUDE_SOURCE;
				MTL_FAST_MATH = YES;
				ONLY_ACTIVE_ARCH = YES;
				SDKROOT = iphoneos;
				SWIFT_ACTIVE_COMPILATION_CONDITIONS = DEBUG;
				SWIFT_OPTIMIZATION_LEVEL = "-Onone";
			};
			name = Debug;
		};
		CE639E1F27B02A310060B1C6 /* Release */ = {
			isa = XCBuildConfiguration;
			buildSettings = {
				ALWAYS_SEARCH_USER_PATHS = NO;
				CLANG_ANALYZER_NONNULL = YES;
				CLANG_ANALYZER_NUMBER_OBJECT_CONVERSION = YES_AGGRESSIVE;
				CLANG_CXX_LANGUAGE_STANDARD = "gnu++17";
				CLANG_CXX_LIBRARY = "libc++";
				CLANG_ENABLE_MODULES = YES;
				CLANG_ENABLE_OBJC_ARC = YES;
				CLANG_ENABLE_OBJC_WEAK = YES;
				CLANG_WARN_BLOCK_CAPTURE_AUTORELEASING = YES;
				CLANG_WARN_BOOL_CONVERSION = YES;
				CLANG_WARN_COMMA = YES;
				CLANG_WARN_CONSTANT_CONVERSION = YES;
				CLANG_WARN_DEPRECATED_OBJC_IMPLEMENTATIONS = YES;
				CLANG_WARN_DIRECT_OBJC_ISA_USAGE = YES_ERROR;
				CLANG_WARN_DOCUMENTATION_COMMENTS = YES;
				CLANG_WARN_EMPTY_BODY = YES;
				CLANG_WARN_ENUM_CONVERSION = YES;
				CLANG_WARN_INFINITE_RECURSION = YES;
				CLANG_WARN_INT_CONVERSION = YES;
				CLANG_WARN_NON_LITERAL_NULL_CONVERSION = YES;
				CLANG_WARN_OBJC_IMPLICIT_RETAIN_SELF = YES;
				CLANG_WARN_OBJC_LITERAL_CONVERSION = YES;
				CLANG_WARN_OBJC_ROOT_CLASS = YES_ERROR;
				CLANG_WARN_QUOTED_INCLUDE_IN_FRAMEWORK_HEADER = YES;
				CLANG_WARN_RANGE_LOOP_ANALYSIS = YES;
				CLANG_WARN_STRICT_PROTOTYPES = YES;
				CLANG_WARN_SUSPICIOUS_MOVE = YES;
				CLANG_WARN_UNGUARDED_AVAILABILITY = YES_AGGRESSIVE;
				CLANG_WARN_UNREACHABLE_CODE = YES;
				CLANG_WARN__DUPLICATE_METHOD_MATCH = YES;
				COPY_PHASE_STRIP = NO;
				DEBUG_INFORMATION_FORMAT = "dwarf-with-dsym";
				ENABLE_NS_ASSERTIONS = NO;
				ENABLE_STRICT_OBJC_MSGSEND = YES;
				GCC_C_LANGUAGE_STANDARD = gnu11;
				GCC_NO_COMMON_BLOCKS = YES;
				GCC_WARN_64_TO_32_BIT_CONVERSION = YES;
				GCC_WARN_ABOUT_RETURN_TYPE = YES_ERROR;
				GCC_WARN_UNDECLARED_SELECTOR = YES;
				GCC_WARN_UNINITIALIZED_AUTOS = YES_AGGRESSIVE;
				GCC_WARN_UNUSED_FUNCTION = YES;
				GCC_WARN_UNUSED_VARIABLE = YES;
				IPHONEOS_DEPLOYMENT_TARGET = 15.2;
				MTL_ENABLE_DEBUG_INFO = NO;
				MTL_FAST_MATH = YES;
				SDKROOT = iphoneos;
				SWIFT_COMPILATION_MODE = wholemodule;
				SWIFT_OPTIMIZATION_LEVEL = "-O";
				VALIDATE_PRODUCT = YES;
			};
			name = Release;
		};
		CE639E2127B02A310060B1C6 /* Debug */ = {
			isa = XCBuildConfiguration;
			buildSettings = {
				ASSETCATALOG_COMPILER_APPICON_NAME = AppIcon;
				ASSETCATALOG_COMPILER_GLOBAL_ACCENT_COLOR_NAME = AccentColor;
				CODE_SIGN_STYLE = Automatic;
				CURRENT_PROJECT_VERSION = 1;
				GENERATE_INFOPLIST_FILE = YES;
				INFOPLIST_FILE = URlSessionApp/Info.plist;
				INFOPLIST_KEY_UIApplicationSupportsIndirectInputEvents = YES;
				INFOPLIST_KEY_UILaunchStoryboardName = LaunchScreen;
				INFOPLIST_KEY_UIMainStoryboardFile = Main;
				INFOPLIST_KEY_UISupportedInterfaceOrientations_iPad = "UIInterfaceOrientationPortrait UIInterfaceOrientationPortraitUpsideDown UIInterfaceOrientationLandscapeLeft UIInterfaceOrientationLandscapeRight";
				INFOPLIST_KEY_UISupportedInterfaceOrientations_iPhone = "UIInterfaceOrientationPortrait UIInterfaceOrientationLandscapeLeft UIInterfaceOrientationLandscapeRight";
				LD_RUNPATH_SEARCH_PATHS = (
					"$(inherited)",
					"@executable_path/Frameworks",
				);
				MARKETING_VERSION = 1.0;
				PRODUCT_BUNDLE_IDENTIFIER = UIKIT.URlSessionApp;
				PRODUCT_NAME = "$(TARGET_NAME)";
				SWIFT_EMIT_LOC_STRINGS = YES;
				SWIFT_VERSION = 5.0;
				TARGETED_DEVICE_FAMILY = "1,2";
			};
			name = Debug;
		};
		CE639E2227B02A310060B1C6 /* Release */ = {
			isa = XCBuildConfiguration;
			buildSettings = {
				ASSETCATALOG_COMPILER_APPICON_NAME = AppIcon;
				ASSETCATALOG_COMPILER_GLOBAL_ACCENT_COLOR_NAME = AccentColor;
				CODE_SIGN_STYLE = Automatic;
				CURRENT_PROJECT_VERSION = 1;
				GENERATE_INFOPLIST_FILE = YES;
				INFOPLIST_FILE = URlSessionApp/Info.plist;
				INFOPLIST_KEY_UIApplicationSupportsIndirectInputEvents = YES;
				INFOPLIST_KEY_UILaunchStoryboardName = LaunchScreen;
				INFOPLIST_KEY_UIMainStoryboardFile = Main;
				INFOPLIST_KEY_UISupportedInterfaceOrientations_iPad = "UIInterfaceOrientationPortrait UIInterfaceOrientationPortraitUpsideDown UIInterfaceOrientationLandscapeLeft UIInterfaceOrientationLandscapeRight";
				INFOPLIST_KEY_UISupportedInterfaceOrientations_iPhone = "UIInterfaceOrientationPortrait UIInterfaceOrientationLandscapeLeft UIInterfaceOrientationLandscapeRight";
				LD_RUNPATH_SEARCH_PATHS = (
					"$(inherited)",
					"@executable_path/Frameworks",
				);
				MARKETING_VERSION = 1.0;
				PRODUCT_BUNDLE_IDENTIFIER = UIKIT.URlSessionApp;
				PRODUCT_NAME = "$(TARGET_NAME)";
				SWIFT_EMIT_LOC_STRINGS = YES;
				SWIFT_VERSION = 5.0;
				TARGETED_DEVICE_FAMILY = "1,2";
			};
			name = Release;
		};
/* End XCBuildConfiguration section */

/* Begin XCConfigurationList section */
		CE639E0727B02A2C0060B1C6 /* Build configuration list for PBXProject "URlSessionApp" */ = {
			isa = XCConfigurationList;
			buildConfigurations = (
				CE639E1E27B02A310060B1C6 /* Debug */,
				CE639E1F27B02A310060B1C6 /* Release */,
			);
			defaultConfigurationIsVisible = 0;
			defaultConfigurationName = Release;
		};
		CE639E2027B02A310060B1C6 /* Build configuration list for PBXNativeTarget "URlSessionApp" */ = {
			isa = XCConfigurationList;
			buildConfigurations = (
				CE639E2127B02A310060B1C6 /* Debug */,
				CE639E2227B02A310060B1C6 /* Release */,
			);
			defaultConfigurationIsVisible = 0;
			defaultConfigurationName = Release;
		};
/* End XCConfigurationList section */
	};
	rootObject = CE639E0427B02A2C0060B1C6 /* Project object */;
}
